
Microsoft Visual Studio Solution File, Format Version 12.00
# Visual Studio Version 17
VisualStudioVersion = 17.5.33516.290
MinimumVisualStudioVersion = 10.0.40219.1
Project("{FAE04EC0-301F-11D3-BF4B-00C04F79EFBC}") = "Water_meter", "Water_meter\Water_meter.csproj", "{DCCCDEDB-8DB2-4016-8D68-A5E2A5186681}"
EndProject
Global
	GlobalSection(SolutionConfigurationPlatforms) = preSolution
		Debug|Any CPU = Debug|Any CPU
		Release|Any CPU = Release|Any CPU
	EndGlobalSection
	GlobalSection(ProjectConfigurationPlatforms) = postSolution
		{DCCCDEDB-8DB2-4016-8D68-A5E2A5186681}.Debug|Any CPU.ActiveCfg = Debug|Any CPU
		{DCCCDEDB-8DB2-4016-8D68-A5E2A5186681}.Debug|Any CPU.Build.0 = Debug|Any CPU
		{DCCCDEDB-8DB2-4016-8D68-A5E2A5186681}.Release|Any CPU.ActiveCfg = Release|Any CPU
		{DCCCDEDB-8DB2-4016-8D68-A5E2A5186681}.Release|Any CPU.Build.0 = Release|Any CPU
	EndGlobalSection
	GlobalSection(SolutionProperties) = preSolution
		HideSolutionNode = FALSE
	EndGlobalSection
	GlobalSection(ExtensibilityGlobals) = postSolution
		SolutionGuid = {4D80BB8B-0734-49BB-A4B7-C3CDE496589C}
	EndGlobalSection
EndGlobal
